PODS:
  - BlocksKit (2.2.5):
    - BlocksKit/All (= 2.2.5)
  - BlocksKit/All (2.2.5):
    - BlocksKit/Core
    - BlocksKit/DynamicDelegate
    - BlocksKit/MessageUI
    - BlocksKit/UIKit
  - BlocksKit/Core (2.2.5)
  - BlocksKit/DynamicDelegate (2.2.5)
  - BlocksKit/MessageUI (2.2.5):
    - BlocksKit/Core
    - BlocksKit/DynamicDelegate
  - BlocksKit/UIKit (2.2.5):
    - BlocksKit/Core
    - BlocksKit/DynamicDelegate
  - Masonry (0.5.3)
  - MBProgressHUD (0.9)
  - ReactiveCocoa (2.3.1):
    - ReactiveCocoa/UI (= 2.3.1)
  - ReactiveCocoa/Core (2.3.1):
    - ReactiveCocoa/no-arc
  - ReactiveCocoa/no-arc (2.3.1)
  - ReactiveCocoa/UI (2.3.1):
    - ReactiveCocoa/Core
  - RegexKitLite-NoWarning (1.1.0)
  - TPKeyboardAvoiding (1.2.4)
  - TTTAttributedLabel (1.10.1)

DEPENDENCIES:
  - BlocksKit (= 2.2.5)
  - Masonry (= 0.5.3)
  - MBProgressHUD (= 0.9)
  - ReactiveCocoa (= 2.3.1)
  - RegexKitLite-NoWarning (= 1.1.0)
  - TPKeyboardAvoiding (= 1.2.4)
  - TTTAttributedLabel (= 1.10.1)

SPEC CHECKSUMS:
  BlocksKit: 7f422b971407001178d181a43b99014ea2591fe6
  Masonry: 9f515466afe48632562342a40a1c224071a1a022
  MBProgressHUD: d8e7ea388dc1549a42e0d219067cf5f2c898fb66
  ReactiveCocoa: 334468a83b2c5f669f7cfb9a084415ee23219b4f
  RegexKitLite-NoWarning: 365d208f8187997e33d9de8baeddfc00728596d8
  TPKeyboardAvoiding: 0a40dfbb0af7c8bdae1dd457496dccfd217d85f6
  TTTAttributedLabel: c8f3801a6463b9c9b82b0c84c465fdda9751892a

COCOAPODS: 0.38.2
